{
  "name": "shiny_d3_tree",
  "lockfileVersion": 2,
  "requires": true,
  "packages": {
    "": {
      "dependencies": {
        "flatted": "^3.2.7"
      }
    },
    "node_modules/flatted": {
      "version": "3.2.7",
      "resolved": "https://registry.npmjs.org/flatted/-/flatted-3.2.7.tgz",
      "integrity": "sha512-5nqDSxl8nn5BSNxyR3n4I6eDmbolI6WT+QqR547RwxQapgjQBmtktdP+HTBb/a/zLsbzERTONyUB5pefh5TtjQ=="
    }
  },
  "dependencies": {
    "flatted": {
      "version": "3.2.7",
      "resolved": "https://registry.npmjs.org/flatted/-/flatted-3.2.7.tgz",
      "integrity": "sha512-5nqDSxl8nn5BSNxyR3n4I6eDmbolI6WT+QqR547RwxQapgjQBmtktdP+HTBb/a/zLsbzERTONyUB5pefh5TtjQ=="
    }
  }
}
